
Microsoft Visual Studio Solution File, Format Version 12.00
# Visual Studio 15
VisualStudioVersion = 15.0.28010.2046
MinimumVisualStudioVersion = 10.0.40219.1
Project("{2150E333-8FDC-42A3-9474-1A3956D46DE8}") = "UI", "UI", "{558E0FE1-7947-48CD-AFCB-15D88B3119F3}"
EndProject
Project("{2150E333-8FDC-42A3-9474-1A3956D46DE8}") = "Services", "Services", "{2958D522-D302-4977-A9D9-712E0D9F9200}"
EndProject
Project("{2150E333-8FDC-42A3-9474-1A3956D46DE8}") = "Repository", "Repository", "{1F8B6A83-4266-4F7C-9F1C-407E3D490D32}"
EndProject
Project("{2150E333-8FDC-42A3-9474-1A3956D46DE8}") = "Entity", "Entity", "{9CA2DCE5-F519-42ED-84D3-9D28E87A9A10}"
EndProject
Project("{2150E333-8FDC-42A3-9474-1A3956D46DE8}") = "Common", "Common", "{FCD3EBD5-2FB9-4B5C-BFF1-92B5445F8804}"
EndProject
Project("{FAE04EC0-301F-11D3-BF4B-00C04F79EFBC}") = "Czar.Cms.Site", "Czar.Cms.Site\Czar.Cms.Site.csproj", "{F1110CC5-DCE2-4940-A892-7B1B17ED08A6}"
EndProject
Project("{FAE04EC0-301F-11D3-BF4B-00C04F79EFBC}") = "Czar.Cms.Admin", "Czar.Cms.Admin\Czar.Cms.Admin.csproj", "{79917FCD-ED87-484B-8837-FCF2EB3AE411}"
EndProject
Project("{FAE04EC0-301F-11D3-BF4B-00C04F79EFBC}") = "Czar.Cms.Repository", "Czar.Cms.Repository\Czar.Cms.Repository.csproj", "{3EAD2D74-5641-41CB-BD0B-09491FB6F17B}"
EndProject
Project("{FAE04EC0-301F-11D3-BF4B-00C04F79EFBC}") = "Czar.Cms.IRepository", "Czar.Cms.IRepository\Czar.Cms.IRepository.csproj", "{FD73D31F-83B7-49BC-AB80-87B342F66EDC}"
EndProject
Project("{FAE04EC0-301F-11D3-BF4B-00C04F79EFBC}") = "Czar.Cms.Services", "Czar.Cms.Services\Czar.Cms.Services.csproj", "{4DF0A5C0-6BD6-4623-9B25-6CD02420D3F7}"
EndProject
Project("{FAE04EC0-301F-11D3-BF4B-00C04F79EFBC}") = "Czar.Cms.IServices", "Czar.Cms.IServices\Czar.Cms.IServices.csproj", "{046481B0-734E-4705-B6D2-14D77913A994}"
EndProject
Project("{FAE04EC0-301F-11D3-BF4B-00C04F79EFBC}") = "Czar.Cms.Model", "Czar.Cms.Model\Czar.Cms.Model.csproj", "{9B5FEA3C-EC2A-49EE-A5D1-2F2A79521618}"
EndProject
Project("{FAE04EC0-301F-11D3-BF4B-00C04F79EFBC}") = "Czar.Cms.ViewModel", "Czar.Cms.ViewModel\Czar.Cms.ViewModel.csproj", "{846D93D9-7094-4339-BA13-DD0A5450FF5D}"
EndProject
Project("{FAE04EC0-301F-11D3-BF4B-00C04F79EFBC}") = "Czar.Cms.Core", "Czar.Cms.Core\Czar.Cms.Core.csproj", "{1E36A982-0671-4421-8E69-B9E37CBC8500}"
EndProject
Global
	GlobalSection(SolutionConfigurationPlatforms) = preSolution
		Debug|Any CPU = Debug|Any CPU
		Release|Any CPU = Release|Any CPU
	EndGlobalSection
	GlobalSection(ProjectConfigurationPlatforms) = postSolution
		{F1110CC5-DCE2-4940-A892-7B1B17ED08A6}.Debug|Any CPU.ActiveCfg = Debug|Any CPU
		{F1110CC5-DCE2-4940-A892-7B1B17ED08A6}.Debug|Any CPU.Build.0 = Debug|Any CPU
		{F1110CC5-DCE2-4940-A892-7B1B17ED08A6}.Release|Any CPU.ActiveCfg = Release|Any CPU
		{F1110CC5-DCE2-4940-A892-7B1B17ED08A6}.Release|Any CPU.Build.0 = Release|Any CPU
		{79917FCD-ED87-484B-8837-FCF2EB3AE411}.Debug|Any CPU.ActiveCfg = Debug|Any CPU
		{79917FCD-ED87-484B-8837-FCF2EB3AE411}.Debug|Any CPU.Build.0 = Debug|Any CPU
		{79917FCD-ED87-484B-8837-FCF2EB3AE411}.Release|Any CPU.ActiveCfg = Release|Any CPU
		{79917FCD-ED87-484B-8837-FCF2EB3AE411}.Release|Any CPU.Build.0 = Release|Any CPU
		{3EAD2D74-5641-41CB-BD0B-09491FB6F17B}.Debug|Any CPU.ActiveCfg = Debug|Any CPU
		{3EAD2D74-5641-41CB-BD0B-09491FB6F17B}.Debug|Any CPU.Build.0 = Debug|Any CPU
		{3EAD2D74-5641-41CB-BD0B-09491FB6F17B}.Release|Any CPU.ActiveCfg = Release|Any CPU
		{3EAD2D74-5641-41CB-BD0B-09491FB6F17B}.Release|Any CPU.Build.0 = Release|Any CPU
		{FD73D31F-83B7-49BC-AB80-87B342F66EDC}.Debug|Any CPU.ActiveCfg = Debug|Any CPU
		{FD73D31F-83B7-49BC-AB80-87B342F66EDC}.Debug|Any CPU.Build.0 = Debug|Any CPU
		{FD73D31F-83B7-49BC-AB80-87B342F66EDC}.Release|Any CPU.ActiveCfg = Release|Any CPU
		{FD73D31F-83B7-49BC-AB80-87B342F66EDC}.Release|Any CPU.Build.0 = Release|Any CPU
		{4DF0A5C0-6BD6-4623-9B25-6CD02420D3F7}.Debug|Any CPU.ActiveCfg = Debug|Any CPU
		{4DF0A5C0-6BD6-4623-9B25-6CD02420D3F7}.Debug|Any CPU.Build.0 = Debug|Any CPU
		{4DF0A5C0-6BD6-4623-9B25-6CD02420D3F7}.Release|Any CPU.ActiveCfg = Release|Any CPU
		{4DF0A5C0-6BD6-4623-9B25-6CD02420D3F7}.Release|Any CPU.Build.0 = Release|Any CPU
		{046481B0-734E-4705-B6D2-14D77913A994}.Debug|Any CPU.ActiveCfg = Debug|Any CPU
		{046481B0-734E-4705-B6D2-14D77913A994}.Debug|Any CPU.Build.0 = Debug|Any CPU
		{046481B0-734E-4705-B6D2-14D77913A994}.Release|Any CPU.ActiveCfg = Release|Any CPU
		{046481B0-734E-4705-B6D2-14D77913A994}.Release|Any CPU.Build.0 = Release|Any CPU
		{9B5FEA3C-EC2A-49EE-A5D1-2F2A79521618}.Debug|Any CPU.ActiveCfg = Debug|Any CPU
		{9B5FEA3C-EC2A-49EE-A5D1-2F2A79521618}.Debug|Any CPU.Build.0 = Debug|Any CPU
		{9B5FEA3C-EC2A-49EE-A5D1-2F2A79521618}.Release|Any CPU.ActiveCfg = Release|Any CPU
		{9B5FEA3C-EC2A-49EE-A5D1-2F2A79521618}.Release|Any CPU.Build.0 = Release|Any CPU
		{846D93D9-7094-4339-BA13-DD0A5450FF5D}.Debug|Any CPU.ActiveCfg = Debug|Any CPU
		{846D93D9-7094-4339-BA13-DD0A5450FF5D}.Debug|Any CPU.Build.0 = Debug|Any CPU
		{846D93D9-7094-4339-BA13-DD0A5450FF5D}.Release|Any CPU.ActiveCfg = Release|Any CPU
		{846D93D9-7094-4339-BA13-DD0A5450FF5D}.Release|Any CPU.Build.0 = Release|Any CPU
		{1E36A982-0671-4421-8E69-B9E37CBC8500}.Debug|Any CPU.ActiveCfg = Debug|Any CPU
		{1E36A982-0671-4421-8E69-B9E37CBC8500}.Debug|Any CPU.Build.0 = Debug|Any CPU
		{1E36A982-0671-4421-8E69-B9E37CBC8500}.Release|Any CPU.ActiveCfg = Release|Any CPU
		{1E36A982-0671-4421-8E69-B9E37CBC8500}.Release|Any CPU.Build.0 = Release|Any CPU
	EndGlobalSection
	GlobalSection(SolutionProperties) = preSolution
		HideSolutionNode = FALSE
	EndGlobalSection
	GlobalSection(NestedProjects) = preSolution
		{F1110CC5-DCE2-4940-A892-7B1B17ED08A6} = {558E0FE1-7947-48CD-AFCB-15D88B3119F3}
		{79917FCD-ED87-484B-8837-FCF2EB3AE411} = {558E0FE1-7947-48CD-AFCB-15D88B3119F3}
		{3EAD2D74-5641-41CB-BD0B-09491FB6F17B} = {1F8B6A83-4266-4F7C-9F1C-407E3D490D32}
		{FD73D31F-83B7-49BC-AB80-87B342F66EDC} = {1F8B6A83-4266-4F7C-9F1C-407E3D490D32}
		{4DF0A5C0-6BD6-4623-9B25-6CD02420D3F7} = {2958D522-D302-4977-A9D9-712E0D9F9200}
		{046481B0-734E-4705-B6D2-14D77913A994} = {2958D522-D302-4977-A9D9-712E0D9F9200}
		{9B5FEA3C-EC2A-49EE-A5D1-2F2A79521618} = {9CA2DCE5-F519-42ED-84D3-9D28E87A9A10}
		{846D93D9-7094-4339-BA13-DD0A5450FF5D} = {9CA2DCE5-F519-42ED-84D3-9D28E87A9A10}
		{1E36A982-0671-4421-8E69-B9E37CBC8500} = {FCD3EBD5-2FB9-4B5C-BFF1-92B5445F8804}
	EndGlobalSection
	GlobalSection(ExtensibilityGlobals) = postSolution
		SolutionGuid = {E71F452D-4B0B-45DE-B4BE-A5CD1ACC2ADA}
	EndGlobalSection
EndGlobal
